
Microsoft Visual Studio Solution File, Format Version 12.00
# Visual Studio 15
VisualStudioVersion = 15.0.27130.2024
MinimumVisualStudioVersion = 10.0.40219.1
Project("{FAE04EC0-301F-11D3-BF4B-00C04F79EFBC}") = "Dominio", "Servico\Dominio.csproj", "{9DC80615-73E7-4D73-814E-90E469364530}"
EndProject
Project("{FAE04EC0-301F-11D3-BF4B-00C04F79EFBC}") = "Aplicacao", "Aplicacao\Aplicacao.csproj", "{2D0D41BE-DE53-477E-AD04-721FF84E8703}"
EndProject
Project("{FAE04EC0-301F-11D3-BF4B-00C04F79EFBC}") = "Entidade", "Entidade\Entidade.csproj", "{3C0337DF-E437-4905-9848-0845B9F46610}"
EndProject
Project("{FAE04EC0-301F-11D3-BF4B-00C04F79EFBC}") = "Repositorio", "Repositorio\Repositorio.csproj", "{7E0240B2-B47E-40CC-AF42-AEB2744E4CD8}"
EndProject
Project("{FAE04EC0-301F-11D3-BF4B-00C04F79EFBC}") = "Core", "Tools\Core.csproj", "{D910ECAD-DDF8-409C-B7D6-ABC6CA831B53}"
EndProject
Project("{FAE04EC0-301F-11D3-BF4B-00C04F79EFBC}") = "Api", "Api\Api.csproj", "{51E77F9F-E36E-4977-BDED-DD6231FFBEB2}"
EndProject
Project("{FAE04EC0-301F-11D3-BF4B-00C04F79EFBC}") = "InitializerHelper", "RegisterHelper\InitializerHelper.csproj", "{E2ADE39A-6A99-470C-AEDD-23A5813A106C}"
EndProject
Project("{FAE04EC0-301F-11D3-BF4B-00C04F79EFBC}") = "ApiInfox", "ApiInfox\ApiInfox.csproj", "{13073823-AF56-42CA-89E1-100484DF0C64}"
EndProject
Project("{FAE04EC0-301F-11D3-BF4B-00C04F79EFBC}") = "Clube.Premiar", "Clube.Premiar\Clube.Premiar.csproj", "{A5B98301-BF0F-4E5E-A598-720D78D41826}"
EndProject
Project("{FAE04EC0-301F-11D3-BF4B-00C04F79EFBC}") = "Clube.Premiar.Adapter", "Clube.Premiar.Adapter\Clube.Premiar.Adapter.csproj", "{ED4C2C90-8414-4365-A8CC-2C4DFC7E3DAB}"
EndProject
Global
	GlobalSection(SolutionConfigurationPlatforms) = preSolution
		Debug|Android = Debug|Android
		Debug|Any CPU = Debug|Any CPU
		Debug|iOS = Debug|iOS
		Debug|Windows Phone (Universal) = Debug|Windows Phone (Universal)
		Debug|Windows Phone 8 = Debug|Windows Phone 8
		Debug|Windows-AnyCPU = Debug|Windows-AnyCPU
		Debug|Windows-ARM = Debug|Windows-ARM
		Debug|Windows-x64 = Debug|Windows-x64
		Debug|Windows-x86 = Debug|Windows-x86
		Development|Android = Development|Android
		Development|Any CPU = Development|Any CPU
		Development|iOS = Development|iOS
		Development|Windows Phone (Universal) = Development|Windows Phone (Universal)
		Development|Windows Phone 8 = Development|Windows Phone 8
		Development|Windows-AnyCPU = Development|Windows-AnyCPU
		Development|Windows-ARM = Development|Windows-ARM
		Development|Windows-x64 = Development|Windows-x64
		Development|Windows-x86 = Development|Windows-x86
		Release|Android = Release|Android
		Release|Any CPU = Release|Any CPU
		Release|iOS = Release|iOS
		Release|Windows Phone (Universal) = Release|Windows Phone (Universal)
		Release|Windows Phone 8 = Release|Windows Phone 8
		Release|Windows-AnyCPU = Release|Windows-AnyCPU
		Release|Windows-ARM = Release|Windows-ARM
		Release|Windows-x64 = Release|Windows-x64
		Release|Windows-x86 = Release|Windows-x86
	EndGlobalSection
	GlobalSection(ProjectConfigurationPlatforms) = postSolution
		{9DC80615-73E7-4D73-814E-90E469364530}.Debug|Android.ActiveCfg = Debug|Any CPU
		{9DC80615-73E7-4D73-814E-90E469364530}.Debug|Android.Build.0 = Debug|Any CPU
		{9DC80615-73E7-4D73-814E-90E469364530}.Debug|Any CPU.ActiveCfg = Debug|Any CPU
		{9DC80615-73E7-4D73-814E-90E469364530}.Debug|Any CPU.Build.0 = Debug|Any CPU
		{9DC80615-73E7-4D73-814E-90E469364530}.Debug|iOS.ActiveCfg = Debug|Any CPU
		{9DC80615-73E7-4D73-814E-90E469364530}.Debug|iOS.Build.0 = Debug|Any CPU
		{9DC80615-73E7-4D73-814E-90E469364530}.Debug|Windows Phone (Universal).ActiveCfg = Debug|Any CPU
		{9DC80615-73E7-4D73-814E-90E469364530}.Debug|Windows Phone (Universal).Build.0 = Debug|Any CPU
		{9DC80615-73E7-4D73-814E-90E469364530}.Debug|Windows Phone 8.ActiveCfg = Debug|Any CPU
		{9DC80615-73E7-4D73-814E-90E469364530}.Debug|Windows Phone 8.Build.0 = Debug|Any CPU
		{9DC80615-73E7-4D73-814E-90E469364530}.Debug|Windows-AnyCPU.ActiveCfg = Debug|Any CPU
		{9DC80615-73E7-4D73-814E-90E469364530}.Debug|Windows-AnyCPU.Build.0 = Debug|Any CPU
		{9DC80615-73E7-4D73-814E-90E469364530}.Debug|Windows-ARM.ActiveCfg = Debug|Any CPU
		{9DC80615-73E7-4D73-814E-90E469364530}.Debug|Windows-ARM.Build.0 = Debug|Any CPU
		{9DC80615-73E7-4D73-814E-90E469364530}.Debug|Windows-x64.ActiveCfg = Debug|Any CPU
		{9DC80615-73E7-4D73-814E-90E469364530}.Debug|Windows-x64.Build.0 = Debug|Any CPU
		{9DC80615-73E7-4D73-814E-90E469364530}.Debug|Windows-x86.ActiveCfg = Debug|Any CPU
		{9DC80615-73E7-4D73-814E-90E469364530}.Debug|Windows-x86.Build.0 = Debug|Any CPU
		{9DC80615-73E7-4D73-814E-90E469364530}.Development|Android.ActiveCfg = Development|Any CPU
		{9DC80615-73E7-4D73-814E-90E469364530}.Development|Android.Build.0 = Development|Any CPU
		{9DC80615-73E7-4D73-814E-90E469364530}.Development|Any CPU.ActiveCfg = Development|Any CPU
		{9DC80615-73E7-4D73-814E-90E469364530}.Development|Any CPU.Build.0 = Development|Any CPU
		{9DC80615-73E7-4D73-814E-90E469364530}.Development|iOS.ActiveCfg = Development|Any CPU
		{9DC80615-73E7-4D73-814E-90E469364530}.Development|iOS.Build.0 = Development|Any CPU
		{9DC80615-73E7-4D73-814E-90E469364530}.Development|Windows Phone (Universal).ActiveCfg = Development|Any CPU
		{9DC80615-73E7-4D73-814E-90E469364530}.Development|Windows Phone (Universal).Build.0 = Development|Any CPU
		{9DC80615-73E7-4D73-814E-90E469364530}.Development|Windows Phone 8.ActiveCfg = Development|Any CPU
		{9DC80615-73E7-4D73-814E-90E469364530}.Development|Windows Phone 8.Build.0 = Development|Any CPU
		{9DC80615-73E7-4D73-814E-90E469364530}.Development|Windows-AnyCPU.ActiveCfg = Development|Any CPU
		{9DC80615-73E7-4D73-814E-90E469364530}.Development|Windows-AnyCPU.Build.0 = Development|Any CPU
		{9DC80615-73E7-4D73-814E-90E469364530}.Development|Windows-ARM.ActiveCfg = Development|Any CPU
		{9DC80615-73E7-4D73-814E-90E469364530}.Development|Windows-ARM.Build.0 = Development|Any CPU
		{9DC80615-73E7-4D73-814E-90E469364530}.Development|Windows-x64.ActiveCfg = Development|Any CPU
		{9DC80615-73E7-4D73-814E-90E469364530}.Development|Windows-x64.Build.0 = Development|Any CPU
		{9DC80615-73E7-4D73-814E-90E469364530}.Development|Windows-x86.ActiveCfg = Development|Any CPU
		{9DC80615-73E7-4D73-814E-90E469364530}.Development|Windows-x86.Build.0 = Development|Any CPU
		{9DC80615-73E7-4D73-814E-90E469364530}.Release|Android.ActiveCfg = Release|Any CPU
		{9DC80615-73E7-4D73-814E-90E469364530}.Release|Android.Build.0 = Release|Any CPU
		{9DC80615-73E7-4D73-814E-90E469364530}.Release|Any CPU.ActiveCfg = Release|Any CPU
		{9DC80615-73E7-4D73-814E-90E469364530}.Release|Any CPU.Build.0 = Release|Any CPU
		{9DC80615-73E7-4D73-814E-90E469364530}.Release|iOS.ActiveCfg = Release|Any CPU
		{9DC80615-73E7-4D73-814E-90E469364530}.Release|iOS.Build.0 = Release|Any CPU
		{9DC80615-73E7-4D73-814E-90E469364530}.Release|Windows Phone (Universal).ActiveCfg = Release|Any CPU
		{9DC80615-73E7-4D73-814E-90E469364530}.Release|Windows Phone (Universal).Build.0 = Release|Any CPU
		{9DC80615-73E7-4D73-814E-90E469364530}.Release|Windows Phone 8.ActiveCfg = Release|Any CPU
		{9DC80615-73E7-4D73-814E-90E469364530}.Release|Windows Phone 8.Build.0 = Release|Any CPU
		{9DC80615-73E7-4D73-814E-90E469364530}.Release|Windows-AnyCPU.ActiveCfg = Release|Any CPU
		{9DC80615-73E7-4D73-814E-90E469364530}.Release|Windows-AnyCPU.Build.0 = Release|Any CPU
		{9DC80615-73E7-4D73-814E-90E469364530}.Release|Windows-ARM.ActiveCfg = Release|Any CPU
		{9DC80615-73E7-4D73-814E-90E469364530}.Release|Windows-ARM.Build.0 = Release|Any CPU
		{9DC80615-73E7-4D73-814E-90E469364530}.Release|Windows-x64.ActiveCfg = Release|Any CPU
		{9DC80615-73E7-4D73-814E-90E469364530}.Release|Windows-x64.Build.0 = Release|Any CPU
		{9DC80615-73E7-4D73-814E-90E469364530}.Release|Windows-x86.ActiveCfg = Release|Any CPU
		{9DC80615-73E7-4D73-814E-90E469364530}.Release|Windows-x86.Build.0 = Release|Any CPU
		{2D0D41BE-DE53-477E-AD04-721FF84E8703}.Debug|Android.ActiveCfg = Debug|Any CPU
		{2D0D41BE-DE53-477E-AD04-721FF84E8703}.Debug|Android.Build.0 = Debug|Any CPU
		{2D0D41BE-DE53-477E-AD04-721FF84E8703}.Debug|Any CPU.ActiveCfg = Debug|Any CPU
		{2D0D41BE-DE53-477E-AD04-721FF84E8703}.Debug|Any CPU.Build.0 = Debug|Any CPU
		{2D0D41BE-DE53-477E-AD04-721FF84E8703}.Debug|iOS.ActiveCfg = Debug|Any CPU
		{2D0D41BE-DE53-477E-AD04-721FF84E8703}.Debug|iOS.Build.0 = Debug|Any CPU
		{2D0D41BE-DE53-477E-AD04-721FF84E8703}.Debug|Windows Phone (Universal).ActiveCfg = Debug|Any CPU
		{2D0D41BE-DE53-477E-AD04-721FF84E8703}.Debug|Windows Phone (Universal).Build.0 = Debug|Any CPU
		{2D0D41BE-DE53-477E-AD04-721FF84E8703}.Debug|Windows Phone 8.ActiveCfg = Debug|Any CPU
		{2D0D41BE-DE53-477E-AD04-721FF84E8703}.Debug|Windows Phone 8.Build.0 = Debug|Any CPU
		{2D0D41BE-DE53-477E-AD04-721FF84E8703}.Debug|Windows-AnyCPU.ActiveCfg = Debug|Any CPU
		{2D0D41BE-DE53-477E-AD04-721FF84E8703}.Debug|Windows-AnyCPU.Build.0 = Debug|Any CPU
		{2D0D41BE-DE53-477E-AD04-721FF84E8703}.Debug|Windows-ARM.ActiveCfg = Debug|Any CPU
		{2D0D41BE-DE53-477E-AD04-721FF84E8703}.Debug|Windows-ARM.Build.0 = Debug|Any CPU
		{2D0D41BE-DE53-477E-AD04-721FF84E8703}.Debug|Windows-x64.ActiveCfg = Debug|Any CPU
		{2D0D41BE-DE53-477E-AD04-721FF84E8703}.Debug|Windows-x64.Build.0 = Debug|Any CPU
		{2D0D41BE-DE53-477E-AD04-721FF84E8703}.Debug|Windows-x86.ActiveCfg = Debug|Any CPU
		{2D0D41BE-DE53-477E-AD04-721FF84E8703}.Debug|Windows-x86.Build.0 = Debug|Any CPU
		{2D0D41BE-DE53-477E-AD04-721FF84E8703}.Development|Android.ActiveCfg = Development|Any CPU
		{2D0D41BE-DE53-477E-AD04-721FF84E8703}.Development|Android.Build.0 = Development|Any CPU
		{2D0D41BE-DE53-477E-AD04-721FF84E8703}.Development|Any CPU.ActiveCfg = Development|Any CPU
		{2D0D41BE-DE53-477E-AD04-721FF84E8703}.Development|Any CPU.Build.0 = Development|Any CPU
		{2D0D41BE-DE53-477E-AD04-721FF84E8703}.Development|iOS.ActiveCfg = Development|Any CPU
		{2D0D41BE-DE53-477E-AD04-721FF84E8703}.Development|iOS.Build.0 = Development|Any CPU
		{2D0D41BE-DE53-477E-AD04-721FF84E8703}.Development|Windows Phone (Universal).ActiveCfg = Development|Any CPU
		{2D0D41BE-DE53-477E-AD04-721FF84E8703}.Development|Windows Phone (Universal).Build.0 = Development|Any CPU
		{2D0D41BE-DE53-477E-AD04-721FF84E8703}.Development|Windows Phone 8.ActiveCfg = Development|Any CPU
		{2D0D41BE-DE53-477E-AD04-721FF84E8703}.Development|Windows Phone 8.Build.0 = Development|Any CPU
		{2D0D41BE-DE53-477E-AD04-721FF84E8703}.Development|Windows-AnyCPU.ActiveCfg = Development|Any CPU
		{2D0D41BE-DE53-477E-AD04-721FF84E8703}.Development|Windows-AnyCPU.Build.0 = Development|Any CPU
		{2D0D41BE-DE53-477E-AD04-721FF84E8703}.Development|Windows-ARM.ActiveCfg = Development|Any CPU
		{2D0D41BE-DE53-477E-AD04-721FF84E8703}.Development|Windows-ARM.Build.0 = Development|Any CPU
		{2D0D41BE-DE53-477E-AD04-721FF84E8703}.Development|Windows-x64.ActiveCfg = Development|Any CPU
		{2D0D41BE-DE53-477E-AD04-721FF84E8703}.Development|Windows-x64.Build.0 = Development|Any CPU
		{2D0D41BE-DE53-477E-AD04-721FF84E8703}.Development|Windows-x86.ActiveCfg = Development|Any CPU
		{2D0D41BE-DE53-477E-AD04-721FF84E8703}.Development|Windows-x86.Build.0 = Development|Any CPU
		{2D0D41BE-DE53-477E-AD04-721FF84E8703}.Release|Android.ActiveCfg = Release|Any CPU
		{2D0D41BE-DE53-477E-AD04-721FF84E8703}.Release|Android.Build.0 = Release|Any CPU
		{2D0D41BE-DE53-477E-AD04-721FF84E8703}.Release|Any CPU.ActiveCfg = Release|Any CPU
		{2D0D41BE-DE53-477E-AD04-721FF84E8703}.Release|Any CPU.Build.0 = Release|Any CPU
		{2D0D41BE-DE53-477E-AD04-721FF84E8703}.Release|iOS.ActiveCfg = Release|Any CPU
		{2D0D41BE-DE53-477E-AD04-721FF84E8703}.Release|iOS.Build.0 = Release|Any CPU
		{2D0D41BE-DE53-477E-AD04-721FF84E8703}.Release|Windows Phone (Universal).ActiveCfg = Release|Any CPU
		{2D0D41BE-DE53-477E-AD04-721FF84E8703}.Release|Windows Phone (Universal).Build.0 = Release|Any CPU
		{2D0D41BE-DE53-477E-AD04-721FF84E8703}.Release|Windows Phone 8.ActiveCfg = Release|Any CPU
		{2D0D41BE-DE53-477E-AD04-721FF84E8703}.Release|Windows Phone 8.Build.0 = Release|Any CPU
		{2D0D41BE-DE53-477E-AD04-721FF84E8703}.Release|Windows-AnyCPU.ActiveCfg = Release|Any CPU
		{2D0D41BE-DE53-477E-AD04-721FF84E8703}.Release|Windows-AnyCPU.Build.0 = Release|Any CPU
		{2D0D41BE-DE53-477E-AD04-721FF84E8703}.Release|Windows-ARM.ActiveCfg = Release|Any CPU
		{2D0D41BE-DE53-477E-AD04-721FF84E8703}.Release|Windows-ARM.Build.0 = Release|Any CPU
		{2D0D41BE-DE53-477E-AD04-721FF84E8703}.Release|Windows-x64.ActiveCfg = Release|Any CPU
		{2D0D41BE-DE53-477E-AD04-721FF84E8703}.Release|Windows-x64.Build.0 = Release|Any CPU
		{2D0D41BE-DE53-477E-AD04-721FF84E8703}.Release|Windows-x86.ActiveCfg = Release|Any CPU
		{2D0D41BE-DE53-477E-AD04-721FF84E8703}.Release|Windows-x86.Build.0 = Release|Any CPU
		{3C0337DF-E437-4905-9848-0845B9F46610}.Debug|Android.ActiveCfg = Debug|Any CPU
		{3C0337DF-E437-4905-9848-0845B9F46610}.Debug|Android.Build.0 = Debug|Any CPU
		{3C0337DF-E437-4905-9848-0845B9F46610}.Debug|Any CPU.ActiveCfg = Debug|Any CPU
		{3C0337DF-E437-4905-9848-0845B9F46610}.Debug|Any CPU.Build.0 = Debug|Any CPU
		{3C0337DF-E437-4905-9848-0845B9F46610}.Debug|iOS.ActiveCfg = Debug|Any CPU
		{3C0337DF-E437-4905-9848-0845B9F46610}.Debug|iOS.Build.0 = Debug|Any CPU
		{3C0337DF-E437-4905-9848-0845B9F46610}.Debug|Windows Phone (Universal).ActiveCfg = Debug|Any CPU
		{3C0337DF-E437-4905-9848-0845B9F46610}.Debug|Windows Phone (Universal).Build.0 = Debug|Any CPU
		{3C0337DF-E437-4905-9848-0845B9F46610}.Debug|Windows Phone 8.ActiveCfg = Debug|Any CPU
		{3C0337DF-E437-4905-9848-0845B9F46610}.Debug|Windows Phone 8.Build.0 = Debug|Any CPU
		{3C0337DF-E437-4905-9848-0845B9F46610}.Debug|Windows-AnyCPU.ActiveCfg = Debug|Any CPU
		{3C0337DF-E437-4905-9848-0845B9F46610}.Debug|Windows-AnyCPU.Build.0 = Debug|Any CPU
		{3C0337DF-E437-4905-9848-0845B9F46610}.Debug|Windows-ARM.ActiveCfg = Debug|Any CPU
		{3C0337DF-E437-4905-9848-0845B9F46610}.Debug|Windows-ARM.Build.0 = Debug|Any CPU
		{3C0337DF-E437-4905-9848-0845B9F46610}.Debug|Windows-x64.ActiveCfg = Debug|Any CPU
		{3C0337DF-E437-4905-9848-0845B9F46610}.Debug|Windows-x64.Build.0 = Debug|Any CPU
		{3C0337DF-E437-4905-9848-0845B9F46610}.Debug|Windows-x86.ActiveCfg = Debug|Any CPU
		{3C0337DF-E437-4905-9848-0845B9F46610}.Debug|Windows-x86.Build.0 = Debug|Any CPU
		{3C0337DF-E437-4905-9848-0845B9F46610}.Development|Android.ActiveCfg = Development|Any CPU
		{3C0337DF-E437-4905-9848-0845B9F46610}.Development|Android.Build.0 = Development|Any CPU
		{3C0337DF-E437-4905-9848-0845B9F46610}.Development|Any CPU.ActiveCfg = Development|Any CPU
		{3C0337DF-E437-4905-9848-0845B9F46610}.Development|Any CPU.Build.0 = Development|Any CPU
		{3C0337DF-E437-4905-9848-0845B9F46610}.Development|iOS.ActiveCfg = Development|Any CPU
		{3C0337DF-E437-4905-9848-0845B9F46610}.Development|iOS.Build.0 = Development|Any CPU
		{3C0337DF-E437-4905-9848-0845B9F46610}.Development|Windows Phone (Universal).ActiveCfg = Development|Any CPU
		{3C0337DF-E437-4905-9848-0845B9F46610}.Development|Windows Phone (Universal).Build.0 = Development|Any CPU
		{3C0337DF-E437-4905-9848-0845B9F46610}.Development|Windows Phone 8.ActiveCfg = Development|Any CPU
		{3C0337DF-E437-4905-9848-0845B9F46610}.Development|Windows Phone 8.Build.0 = Development|Any CPU
		{3C0337DF-E437-4905-9848-0845B9F46610}.Development|Windows-AnyCPU.ActiveCfg = Development|Any CPU
		{3C0337DF-E437-4905-9848-0845B9F46610}.Development|Windows-AnyCPU.Build.0 = Development|Any CPU
		{3C0337DF-E437-4905-9848-0845B9F46610}.Development|Windows-ARM.ActiveCfg = Development|Any CPU
		{3C0337DF-E437-4905-9848-0845B9F46610}.Development|Windows-ARM.Build.0 = Development|Any CPU
		{3C0337DF-E437-4905-9848-0845B9F46610}.Development|Windows-x64.ActiveCfg = Development|Any CPU
		{3C0337DF-E437-4905-9848-0845B9F46610}.Development|Windows-x64.Build.0 = Development|Any CPU
		{3C0337DF-E437-4905-9848-0845B9F46610}.Development|Windows-x86.ActiveCfg = Development|Any CPU
		{3C0337DF-E437-4905-9848-0845B9F46610}.Development|Windows-x86.Build.0 = Development|Any CPU
		{3C0337DF-E437-4905-9848-0845B9F46610}.Release|Android.ActiveCfg = Release|Any CPU
		{3C0337DF-E437-4905-9848-0845B9F46610}.Release|Android.Build.0 = Release|Any CPU
		{3C0337DF-E437-4905-9848-0845B9F46610}.Release|Any CPU.ActiveCfg = Release|Any CPU
		{3C0337DF-E437-4905-9848-0845B9F46610}.Release|Any CPU.Build.0 = Release|Any CPU
		{3C0337DF-E437-4905-9848-0845B9F46610}.Release|iOS.ActiveCfg = Release|Any CPU
		{3C0337DF-E437-4905-9848-0845B9F46610}.Release|iOS.Build.0 = Release|Any CPU
		{3C0337DF-E437-4905-9848-0845B9F46610}.Release|Windows Phone (Universal).ActiveCfg = Release|Any CPU
		{3C0337DF-E437-4905-9848-0845B9F46610}.Release|Windows Phone (Universal).Build.0 = Release|Any CPU
		{3C0337DF-E437-4905-9848-0845B9F46610}.Release|Windows Phone 8.ActiveCfg = Release|Any CPU
		{3C0337DF-E437-4905-9848-0845B9F46610}.Release|Windows Phone 8.Build.0 = Release|Any CPU
		{3C0337DF-E437-4905-9848-0845B9F46610}.Release|Windows-AnyCPU.ActiveCfg = Release|Any CPU
		{3C0337DF-E437-4905-9848-0845B9F46610}.Release|Windows-AnyCPU.Build.0 = Release|Any CPU
		{3C0337DF-E437-4905-9848-0845B9F46610}.Release|Windows-ARM.ActiveCfg = Release|Any CPU
		{3C0337DF-E437-4905-9848-0845B9F46610}.Release|Windows-ARM.Build.0 = Release|Any CPU
		{3C0337DF-E437-4905-9848-0845B9F46610}.Release|Windows-x64.ActiveCfg = Release|Any CPU
		{3C0337DF-E437-4905-9848-0845B9F46610}.Release|Windows-x64.Build.0 = Release|Any CPU
		{3C0337DF-E437-4905-9848-0845B9F46610}.Release|Windows-x86.ActiveCfg = Release|Any CPU
		{3C0337DF-E437-4905-9848-0845B9F46610}.Release|Windows-x86.Build.0 = Release|Any CPU
		{7E0240B2-B47E-40CC-AF42-AEB2744E4CD8}.Debug|Android.ActiveCfg = Debug|Any CPU
		{7E0240B2-B47E-40CC-AF42-AEB2744E4CD8}.Debug|Android.Build.0 = Debug|Any CPU
		{7E0240B2-B47E-40CC-AF42-AEB2744E4CD8}.Debug|Any CPU.ActiveCfg = Debug|Any CPU
		{7E0240B2-B47E-40CC-AF42-AEB2744E4CD8}.Debug|Any CPU.Build.0 = Debug|Any CPU
		{7E0240B2-B47E-40CC-AF42-AEB2744E4CD8}.Debug|iOS.ActiveCfg = Debug|Any CPU
		{7E0240B2-B47E-40CC-AF42-AEB2744E4CD8}.Debug|iOS.Build.0 = Debug|Any CPU
		{7E0240B2-B47E-40CC-AF42-AEB2744E4CD8}.Debug|Windows Phone (Universal).ActiveCfg = Debug|Any CPU
		{7E0240B2-B47E-40CC-AF42-AEB2744E4CD8}.Debug|Windows Phone (Universal).Build.0 = Debug|Any CPU
		{7E0240B2-B47E-40CC-AF42-AEB2744E4CD8}.Debug|Windows Phone 8.ActiveCfg = Debug|Any CPU
		{7E0240B2-B47E-40CC-AF42-AEB2744E4CD8}.Debug|Windows Phone 8.Build.0 = Debug|Any CPU
		{7E0240B2-B47E-40CC-AF42-AEB2744E4CD8}.Debug|Windows-AnyCPU.ActiveCfg = Debug|Any CPU
		{7E0240B2-B47E-40CC-AF42-AEB2744E4CD8}.Debug|Windows-AnyCPU.Build.0 = Debug|Any CPU
		{7E0240B2-B47E-40CC-AF42-AEB2744E4CD8}.Debug|Windows-ARM.ActiveCfg = Debug|Any CPU
		{7E0240B2-B47E-40CC-AF42-AEB2744E4CD8}.Debug|Windows-ARM.Build.0 = Debug|Any CPU
		{7E0240B2-B47E-40CC-AF42-AEB2744E4CD8}.Debug|Windows-x64.ActiveCfg = Debug|Any CPU
		{7E0240B2-B47E-40CC-AF42-AEB2744E4CD8}.Debug|Windows-x64.Build.0 = Debug|Any CPU
		{7E0240B2-B47E-40CC-AF42-AEB2744E4CD8}.Debug|Windows-x86.ActiveCfg = Debug|Any CPU
		{7E0240B2-B47E-40CC-AF42-AEB2744E4CD8}.Debug|Windows-x86.Build.0 = Debug|Any CPU
		{7E0240B2-B47E-40CC-AF42-AEB2744E4CD8}.Development|Android.ActiveCfg = Development|Any CPU
		{7E0240B2-B47E-40CC-AF42-AEB2744E4CD8}.Development|Android.Build.0 = Development|Any CPU
		{7E0240B2-B47E-40CC-AF42-AEB2744E4CD8}.Development|Any CPU.ActiveCfg = Development|Any CPU
		{7E0240B2-B47E-40CC-AF42-AEB2744E4CD8}.Development|Any CPU.Build.0 = Development|Any CPU
		{7E0240B2-B47E-40CC-AF42-AEB2744E4CD8}.Development|iOS.ActiveCfg = Development|Any CPU
		{7E0240B2-B47E-40CC-AF42-AEB2744E4CD8}.Development|iOS.Build.0 = Development|Any CPU
		{7E0240B2-B47E-40CC-AF42-AEB2744E4CD8}.Development|Windows Phone (Universal).ActiveCfg = Development|Any CPU
		{7E0240B2-B47E-40CC-AF42-AEB2744E4CD8}.Development|Windows Phone (Universal).Build.0 = Development|Any CPU
		{7E0240B2-B47E-40CC-AF42-AEB2744E4CD8}.Development|Windows Phone 8.ActiveCfg = Development|Any CPU
		{7E0240B2-B47E-40CC-AF42-AEB2744E4CD8}.Development|Windows Phone 8.Build.0 = Development|Any CPU
		{7E0240B2-B47E-40CC-AF42-AEB2744E4CD8}.Development|Windows-AnyCPU.ActiveCfg = Development|Any CPU
		{7E0240B2-B47E-40CC-AF42-AEB2744E4CD8}.Development|Windows-AnyCPU.Build.0 = Development|Any CPU
		{7E0240B2-B47E-40CC-AF42-AEB2744E4CD8}.Development|Windows-ARM.ActiveCfg = Development|Any CPU
		{7E0240B2-B47E-40CC-AF42-AEB2744E4CD8}.Development|Windows-ARM.Build.0 = Development|Any CPU
		{7E0240B2-B47E-40CC-AF42-AEB2744E4CD8}.Development|Windows-x64.ActiveCfg = Development|Any CPU
		{7E0240B2-B47E-40CC-AF42-AEB2744E4CD8}.Development|Windows-x64.Build.0 = Development|Any CPU
		{7E0240B2-B47E-40CC-AF42-AEB2744E4CD8}.Development|Windows-x86.ActiveCfg = Development|Any CPU
		{7E0240B2-B47E-40CC-AF42-AEB2744E4CD8}.Development|Windows-x86.Build.0 = Development|Any CPU
		{7E0240B2-B47E-40CC-AF42-AEB2744E4CD8}.Release|Android.ActiveCfg = Release|Any CPU
		{7E0240B2-B47E-40CC-AF42-AEB2744E4CD8}.Release|Android.Build.0 = Release|Any CPU
		{7E0240B2-B47E-40CC-AF42-AEB2744E4CD8}.Release|Any CPU.ActiveCfg = Release|Any CPU
		{7E0240B2-B47E-40CC-AF42-AEB2744E4CD8}.Release|Any CPU.Build.0 = Release|Any CPU
		{7E0240B2-B47E-40CC-AF42-AEB2744E4CD8}.Release|iOS.ActiveCfg = Release|Any CPU
		{7E0240B2-B47E-40CC-AF42-AEB2744E4CD8}.Release|iOS.Build.0 = Release|Any CPU
		{7E0240B2-B47E-40CC-AF42-AEB2744E4CD8}.Release|Windows Phone (Universal).ActiveCfg = Release|Any CPU
		{7E0240B2-B47E-40CC-AF42-AEB2744E4CD8}.Release|Windows Phone (Universal).Build.0 = Release|Any CPU
		{7E0240B2-B47E-40CC-AF42-AEB2744E4CD8}.Release|Windows Phone 8.ActiveCfg = Release|Any CPU
		{7E0240B2-B47E-40CC-AF42-AEB2744E4CD8}.Release|Windows Phone 8.Build.0 = Release|Any CPU
		{7E0240B2-B47E-40CC-AF42-AEB2744E4CD8}.Release|Windows-AnyCPU.ActiveCfg = Release|Any CPU
		{7E0240B2-B47E-40CC-AF42-AEB2744E4CD8}.Release|Windows-AnyCPU.Build.0 = Release|Any CPU
		{7E0240B2-B47E-40CC-AF42-AEB2744E4CD8}.Release|Windows-ARM.ActiveCfg = Release|Any CPU
		{7E0240B2-B47E-40CC-AF42-AEB2744E4CD8}.Release|Windows-ARM.Build.0 = Release|Any CPU
		{7E0240B2-B47E-40CC-AF42-AEB2744E4CD8}.Release|Windows-x64.ActiveCfg = Release|Any CPU
		{7E0240B2-B47E-40CC-AF42-AEB2744E4CD8}.Release|Windows-x64.Build.0 = Release|Any CPU
		{7E0240B2-B47E-40CC-AF42-AEB2744E4CD8}.Release|Windows-x86.ActiveCfg = Release|Any CPU
		{7E0240B2-B47E-40CC-AF42-AEB2744E4CD8}.Release|Windows-x86.Build.0 = Release|Any CPU
		{D910ECAD-DDF8-409C-B7D6-ABC6CA831B53}.Debug|Android.ActiveCfg = Debug|Any CPU
		{D910ECAD-DDF8-409C-B7D6-ABC6CA831B53}.Debug|Android.Build.0 = Debug|Any CPU
		{D910ECAD-DDF8-409C-B7D6-ABC6CA831B53}.Debug|Any CPU.ActiveCfg = Debug|Any CPU
		{D910ECAD-DDF8-409C-B7D6-ABC6CA831B53}.Debug|Any CPU.Build.0 = Debug|Any CPU
		{D910ECAD-DDF8-409C-B7D6-ABC6CA831B53}.Debug|iOS.ActiveCfg = Debug|Any CPU
		{D910ECAD-DDF8-409C-B7D6-ABC6CA831B53}.Debug|iOS.Build.0 = Debug|Any CPU
		{D910ECAD-DDF8-409C-B7D6-ABC6CA831B53}.Debug|Windows Phone (Universal).ActiveCfg = Debug|Any CPU
		{D910ECAD-DDF8-409C-B7D6-ABC6CA831B53}.Debug|Windows Phone (Universal).Build.0 = Debug|Any CPU
		{D910ECAD-DDF8-409C-B7D6-ABC6CA831B53}.Debug|Windows Phone 8.ActiveCfg = Debug|Any CPU
		{D910ECAD-DDF8-409C-B7D6-ABC6CA831B53}.Debug|Windows Phone 8.Build.0 = Debug|Any CPU
		{D910ECAD-DDF8-409C-B7D6-ABC6CA831B53}.Debug|Windows-AnyCPU.ActiveCfg = Debug|Any CPU
		{D910ECAD-DDF8-409C-B7D6-ABC6CA831B53}.Debug|Windows-AnyCPU.Build.0 = Debug|Any CPU
		{D910ECAD-DDF8-409C-B7D6-ABC6CA831B53}.Debug|Windows-ARM.ActiveCfg = Debug|Any CPU
		{D910ECAD-DDF8-409C-B7D6-ABC6CA831B53}.Debug|Windows-ARM.Build.0 = Debug|Any CPU
		{D910ECAD-DDF8-409C-B7D6-ABC6CA831B53}.Debug|Windows-x64.ActiveCfg = Debug|Any CPU
		{D910ECAD-DDF8-409C-B7D6-ABC6CA831B53}.Debug|Windows-x64.Build.0 = Debug|Any CPU
		{D910ECAD-DDF8-409C-B7D6-ABC6CA831B53}.Debug|Windows-x86.ActiveCfg = Debug|Any CPU
		{D910ECAD-DDF8-409C-B7D6-ABC6CA831B53}.Debug|Windows-x86.Build.0 = Debug|Any CPU
		{D910ECAD-DDF8-409C-B7D6-ABC6CA831B53}.Development|Android.ActiveCfg = Debug|Any CPU
		{D910ECAD-DDF8-409C-B7D6-ABC6CA831B53}.Development|Android.Build.0 = Debug|Any CPU
		{D910ECAD-DDF8-409C-B7D6-ABC6CA831B53}.Development|Any CPU.ActiveCfg = Development|Any CPU
		{D910ECAD-DDF8-409C-B7D6-ABC6CA831B53}.Development|Any CPU.Build.0 = Development|Any CPU
		{D910ECAD-DDF8-409C-B7D6-ABC6CA831B53}.Development|iOS.ActiveCfg = Debug|Any CPU
		{D910ECAD-DDF8-409C-B7D6-ABC6CA831B53}.Development|iOS.Build.0 = Debug|Any CPU
		{D910ECAD-DDF8-409C-B7D6-ABC6CA831B53}.Development|Windows Phone (Universal).ActiveCfg = Debug|Any CPU
		{D910ECAD-DDF8-409C-B7D6-ABC6CA831B53}.Development|Windows Phone (Universal).Build.0 = Debug|Any CPU
		{D910ECAD-DDF8-409C-B7D6-ABC6CA831B53}.Development|Windows Phone 8.ActiveCfg = Debug|Any CPU
		{D910ECAD-DDF8-409C-B7D6-ABC6CA831B53}.Development|Windows Phone 8.Build.0 = Debug|Any CPU
		{D910ECAD-DDF8-409C-B7D6-ABC6CA831B53}.Development|Windows-AnyCPU.ActiveCfg = Debug|Any CPU
		{D910ECAD-DDF8-409C-B7D6-ABC6CA831B53}.Development|Windows-AnyCPU.Build.0 = Debug|Any CPU
		{D910ECAD-DDF8-409C-B7D6-ABC6CA831B53}.Development|Windows-ARM.ActiveCfg = Debug|Any CPU
		{D910ECAD-DDF8-409C-B7D6-ABC6CA831B53}.Development|Windows-ARM.Build.0 = Debug|Any CPU
		{D910ECAD-DDF8-409C-B7D6-ABC6CA831B53}.Development|Windows-x64.ActiveCfg = Debug|Any CPU
		{D910ECAD-DDF8-409C-B7D6-ABC6CA831B53}.Development|Windows-x64.Build.0 = Debug|Any CPU
		{D910ECAD-DDF8-409C-B7D6-ABC6CA831B53}.Development|Windows-x86.ActiveCfg = Debug|Any CPU
		{D910ECAD-DDF8-409C-B7D6-ABC6CA831B53}.Development|Windows-x86.Build.0 = Debug|Any CPU
		{D910ECAD-DDF8-409C-B7D6-ABC6CA831B53}.Release|Android.ActiveCfg = Release|Any CPU
		{D910ECAD-DDF8-409C-B7D6-ABC6CA831B53}.Release|Android.Build.0 = Release|Any CPU
		{D910ECAD-DDF8-409C-B7D6-ABC6CA831B53}.Release|Any CPU.ActiveCfg = Release|Any CPU
		{D910ECAD-DDF8-409C-B7D6-ABC6CA831B53}.Release|Any CPU.Build.0 = Release|Any CPU
		{D910ECAD-DDF8-409C-B7D6-ABC6CA831B53}.Release|iOS.ActiveCfg = Release|Any CPU
		{D910ECAD-DDF8-409C-B7D6-ABC6CA831B53}.Release|iOS.Build.0 = Release|Any CPU
		{D910ECAD-DDF8-409C-B7D6-ABC6CA831B53}.Release|Windows Phone (Universal).ActiveCfg = Release|Any CPU
		{D910ECAD-DDF8-409C-B7D6-ABC6CA831B53}.Release|Windows Phone (Universal).Build.0 = Release|Any CPU
		{D910ECAD-DDF8-409C-B7D6-ABC6CA831B53}.Release|Windows Phone 8.ActiveCfg = Release|Any CPU
		{D910ECAD-DDF8-409C-B7D6-ABC6CA831B53}.Release|Windows Phone 8.Build.0 = Release|Any CPU
		{D910ECAD-DDF8-409C-B7D6-ABC6CA831B53}.Release|Windows-AnyCPU.ActiveCfg = Release|Any CPU
		{D910ECAD-DDF8-409C-B7D6-ABC6CA831B53}.Release|Windows-AnyCPU.Build.0 = Release|Any CPU
		{D910ECAD-DDF8-409C-B7D6-ABC6CA831B53}.Release|Windows-ARM.ActiveCfg = Release|Any CPU
		{D910ECAD-DDF8-409C-B7D6-ABC6CA831B53}.Release|Windows-ARM.Build.0 = Release|Any CPU
		{D910ECAD-DDF8-409C-B7D6-ABC6CA831B53}.Release|Windows-x64.ActiveCfg = Release|Any CPU
		{D910ECAD-DDF8-409C-B7D6-ABC6CA831B53}.Release|Windows-x64.Build.0 = Release|Any CPU
		{D910ECAD-DDF8-409C-B7D6-ABC6CA831B53}.Release|Windows-x86.ActiveCfg = Release|Any CPU
		{D910ECAD-DDF8-409C-B7D6-ABC6CA831B53}.Release|Windows-x86.Build.0 = Release|Any CPU
		{51E77F9F-E36E-4977-BDED-DD6231FFBEB2}.Debug|Android.ActiveCfg = Debug|Any CPU
		{51E77F9F-E36E-4977-BDED-DD6231FFBEB2}.Debug|Android.Build.0 = Debug|Any CPU
		{51E77F9F-E36E-4977-BDED-DD6231FFBEB2}.Debug|Any CPU.ActiveCfg = Debug|Any CPU
		{51E77F9F-E36E-4977-BDED-DD6231FFBEB2}.Debug|Any CPU.Build.0 = Debug|Any CPU
		{51E77F9F-E36E-4977-BDED-DD6231FFBEB2}.Debug|iOS.ActiveCfg = Debug|Any CPU
		{51E77F9F-E36E-4977-BDED-DD6231FFBEB2}.Debug|Windows Phone (Universal).ActiveCfg = Debug|Any CPU
		{51E77F9F-E36E-4977-BDED-DD6231FFBEB2}.Debug|Windows Phone 8.ActiveCfg = Debug|Any CPU
		{51E77F9F-E36E-4977-BDED-DD6231FFBEB2}.Debug|Windows-AnyCPU.ActiveCfg = Debug|Any CPU
		{51E77F9F-E36E-4977-BDED-DD6231FFBEB2}.Debug|Windows-ARM.ActiveCfg = Debug|Any CPU
		{51E77F9F-E36E-4977-BDED-DD6231FFBEB2}.Debug|Windows-x64.ActiveCfg = Debug|Any CPU
		{51E77F9F-E36E-4977-BDED-DD6231FFBEB2}.Debug|Windows-x86.ActiveCfg = Debug|Any CPU
		{51E77F9F-E36E-4977-BDED-DD6231FFBEB2}.Development|Android.ActiveCfg = Development|Any CPU
		{51E77F9F-E36E-4977-BDED-DD6231FFBEB2}.Development|Any CPU.ActiveCfg = Development|Any CPU
		{51E77F9F-E36E-4977-BDED-DD6231FFBEB2}.Development|Any CPU.Build.0 = Development|Any CPU
		{51E77F9F-E36E-4977-BDED-DD6231FFBEB2}.Development|iOS.ActiveCfg = Development|Any CPU
		{51E77F9F-E36E-4977-BDED-DD6231FFBEB2}.Development|Windows Phone (Universal).ActiveCfg = Development|Any CPU
		{51E77F9F-E36E-4977-BDED-DD6231FFBEB2}.Development|Windows Phone 8.ActiveCfg = Development|Any CPU
		{51E77F9F-E36E-4977-BDED-DD6231FFBEB2}.Development|Windows-AnyCPU.ActiveCfg = Development|Any CPU
		{51E77F9F-E36E-4977-BDED-DD6231FFBEB2}.Development|Windows-ARM.ActiveCfg = Development|Any CPU
		{51E77F9F-E36E-4977-BDED-DD6231FFBEB2}.Development|Windows-x64.ActiveCfg = Development|Any CPU
		{51E77F9F-E36E-4977-BDED-DD6231FFBEB2}.Development|Windows-x86.ActiveCfg = Development|Any CPU
		{51E77F9F-E36E-4977-BDED-DD6231FFBEB2}.Release|Android.ActiveCfg = Release|Any CPU
		{51E77F9F-E36E-4977-BDED-DD6231FFBEB2}.Release|Any CPU.ActiveCfg = Release|Any CPU
		{51E77F9F-E36E-4977-BDED-DD6231FFBEB2}.Release|Any CPU.Build.0 = Release|Any CPU
		{51E77F9F-E36E-4977-BDED-DD6231FFBEB2}.Release|iOS.ActiveCfg = Release|Any CPU
		{51E77F9F-E36E-4977-BDED-DD6231FFBEB2}.Release|Windows Phone (Universal).ActiveCfg = Release|Any CPU
		{51E77F9F-E36E-4977-BDED-DD6231FFBEB2}.Release|Windows Phone 8.ActiveCfg = Release|Any CPU
		{51E77F9F-E36E-4977-BDED-DD6231FFBEB2}.Release|Windows-AnyCPU.ActiveCfg = Release|Any CPU
		{51E77F9F-E36E-4977-BDED-DD6231FFBEB2}.Release|Windows-ARM.ActiveCfg = Release|Any CPU
		{51E77F9F-E36E-4977-BDED-DD6231FFBEB2}.Release|Windows-x64.ActiveCfg = Release|Any CPU
		{51E77F9F-E36E-4977-BDED-DD6231FFBEB2}.Release|Windows-x86.ActiveCfg = Release|Any CPU
		{E2ADE39A-6A99-470C-AEDD-23A5813A106C}.Debug|Android.ActiveCfg = Debug|Any CPU
		{E2ADE39A-6A99-470C-AEDD-23A5813A106C}.Debug|Android.Build.0 = Debug|Any CPU
		{E2ADE39A-6A99-470C-AEDD-23A5813A106C}.Debug|Any CPU.ActiveCfg = Debug|Any CPU
		{E2ADE39A-6A99-470C-AEDD-23A5813A106C}.Debug|Any CPU.Build.0 = Debug|Any CPU
		{E2ADE39A-6A99-470C-AEDD-23A5813A106C}.Debug|iOS.ActiveCfg = Debug|Any CPU
		{E2ADE39A-6A99-470C-AEDD-23A5813A106C}.Debug|iOS.Build.0 = Debug|Any CPU
		{E2ADE39A-6A99-470C-AEDD-23A5813A106C}.Debug|Windows Phone (Universal).ActiveCfg = Debug|Any CPU
		{E2ADE39A-6A99-470C-AEDD-23A5813A106C}.Debug|Windows Phone (Universal).Build.0 = Debug|Any CPU
		{E2ADE39A-6A99-470C-AEDD-23A5813A106C}.Debug|Windows Phone 8.ActiveCfg = Debug|Any CPU
		{E2ADE39A-6A99-470C-AEDD-23A5813A106C}.Debug|Windows Phone 8.Build.0 = Debug|Any CPU
		{E2ADE39A-6A99-470C-AEDD-23A5813A106C}.Debug|Windows-AnyCPU.ActiveCfg = Debug|Any CPU
		{E2ADE39A-6A99-470C-AEDD-23A5813A106C}.Debug|Windows-AnyCPU.Build.0 = Debug|Any CPU
		{E2ADE39A-6A99-470C-AEDD-23A5813A106C}.Debug|Windows-ARM.ActiveCfg = Debug|Any CPU
		{E2ADE39A-6A99-470C-AEDD-23A5813A106C}.Debug|Windows-ARM.Build.0 = Debug|Any CPU
		{E2ADE39A-6A99-470C-AEDD-23A5813A106C}.Debug|Windows-x64.ActiveCfg = Debug|Any CPU
		{E2ADE39A-6A99-470C-AEDD-23A5813A106C}.Debug|Windows-x64.Build.0 = Debug|Any CPU
		{E2ADE39A-6A99-470C-AEDD-23A5813A106C}.Debug|Windows-x86.ActiveCfg = Debug|Any CPU
		{E2ADE39A-6A99-470C-AEDD-23A5813A106C}.Debug|Windows-x86.Build.0 = Debug|Any CPU
		{E2ADE39A-6A99-470C-AEDD-23A5813A106C}.Development|Android.ActiveCfg = Debug|Any CPU
		{E2ADE39A-6A99-470C-AEDD-23A5813A106C}.Development|Android.Build.0 = Debug|Any CPU
		{E2ADE39A-6A99-470C-AEDD-23A5813A106C}.Development|Any CPU.ActiveCfg = Debug|Any CPU
		{E2ADE39A-6A99-470C-AEDD-23A5813A106C}.Development|Any CPU.Build.0 = Debug|Any CPU
		{E2ADE39A-6A99-470C-AEDD-23A5813A106C}.Development|iOS.ActiveCfg = Debug|Any CPU
		{E2ADE39A-6A99-470C-AEDD-23A5813A106C}.Development|iOS.Build.0 = Debug|Any CPU
		{E2ADE39A-6A99-470C-AEDD-23A5813A106C}.Development|Windows Phone (Universal).ActiveCfg = Debug|Any CPU
		{E2ADE39A-6A99-470C-AEDD-23A5813A106C}.Development|Windows Phone (Universal).Build.0 = Debug|Any CPU
		{E2ADE39A-6A99-470C-AEDD-23A5813A106C}.Development|Windows Phone 8.ActiveCfg = Debug|Any CPU
		{E2ADE39A-6A99-470C-AEDD-23A5813A106C}.Development|Windows Phone 8.Build.0 = Debug|Any CPU
		{E2ADE39A-6A99-470C-AEDD-23A5813A106C}.Development|Windows-AnyCPU.ActiveCfg = Debug|Any CPU
		{E2ADE39A-6A99-470C-AEDD-23A5813A106C}.Development|Windows-AnyCPU.Build.0 = Debug|Any CPU
		{E2ADE39A-6A99-470C-AEDD-23A5813A106C}.Development|Windows-ARM.ActiveCfg = Debug|Any CPU
		{E2ADE39A-6A99-470C-AEDD-23A5813A106C}.Development|Windows-ARM.Build.0 = Debug|Any CPU
		{E2ADE39A-6A99-470C-AEDD-23A5813A106C}.Development|Windows-x64.ActiveCfg = Debug|Any CPU
		{E2ADE39A-6A99-470C-AEDD-23A5813A106C}.Development|Windows-x64.Build.0 = Debug|Any CPU
		{E2ADE39A-6A99-470C-AEDD-23A5813A106C}.Development|Windows-x86.ActiveCfg = Debug|Any CPU
		{E2ADE39A-6A99-470C-AEDD-23A5813A106C}.Development|Windows-x86.Build.0 = Debug|Any CPU
		{E2ADE39A-6A99-470C-AEDD-23A5813A106C}.Release|Android.ActiveCfg = Release|Any CPU
		{E2ADE39A-6A99-470C-AEDD-23A5813A106C}.Release|Android.Build.0 = Release|Any CPU
		{E2ADE39A-6A99-470C-AEDD-23A5813A106C}.Release|Any CPU.ActiveCfg = Release|Any CPU
		{E2ADE39A-6A99-470C-AEDD-23A5813A106C}.Release|Any CPU.Build.0 = Release|Any CPU
		{E2ADE39A-6A99-470C-AEDD-23A5813A106C}.Release|iOS.ActiveCfg = Release|Any CPU
		{E2ADE39A-6A99-470C-AEDD-23A5813A106C}.Release|iOS.Build.0 = Release|Any CPU
		{E2ADE39A-6A99-470C-AEDD-23A5813A106C}.Release|Windows Phone (Universal).ActiveCfg = Release|Any CPU
		{E2ADE39A-6A99-470C-AEDD-23A5813A106C}.Release|Windows Phone (Universal).Build.0 = Release|Any CPU
		{E2ADE39A-6A99-470C-AEDD-23A5813A106C}.Release|Windows Phone 8.ActiveCfg = Release|Any CPU
		{E2ADE39A-6A99-470C-AEDD-23A5813A106C}.Release|Windows Phone 8.Build.0 = Release|Any CPU
		{E2ADE39A-6A99-470C-AEDD-23A5813A106C}.Release|Windows-AnyCPU.ActiveCfg = Release|Any CPU
		{E2ADE39A-6A99-470C-AEDD-23A5813A106C}.Release|Windows-AnyCPU.Build.0 = Release|Any CPU
		{E2ADE39A-6A99-470C-AEDD-23A5813A106C}.Release|Windows-ARM.ActiveCfg = Release|Any CPU
		{E2ADE39A-6A99-470C-AEDD-23A5813A106C}.Release|Windows-ARM.Build.0 = Release|Any CPU
		{E2ADE39A-6A99-470C-AEDD-23A5813A106C}.Release|Windows-x64.ActiveCfg = Release|Any CPU
		{E2ADE39A-6A99-470C-AEDD-23A5813A106C}.Release|Windows-x64.Build.0 = Release|Any CPU
		{E2ADE39A-6A99-470C-AEDD-23A5813A106C}.Release|Windows-x86.ActiveCfg = Release|Any CPU
		{E2ADE39A-6A99-470C-AEDD-23A5813A106C}.Release|Windows-x86.Build.0 = Release|Any CPU
		{13073823-AF56-42CA-89E1-100484DF0C64}.Debug|Android.ActiveCfg = Debug|Any CPU
		{13073823-AF56-42CA-89E1-100484DF0C64}.Debug|Android.Build.0 = Debug|Any CPU
		{13073823-AF56-42CA-89E1-100484DF0C64}.Debug|Any CPU.ActiveCfg = Debug|Any CPU
		{13073823-AF56-42CA-89E1-100484DF0C64}.Debug|Any CPU.Build.0 = Debug|Any CPU
		{13073823-AF56-42CA-89E1-100484DF0C64}.Debug|iOS.ActiveCfg = Debug|Any CPU
		{13073823-AF56-42CA-89E1-100484DF0C64}.Debug|iOS.Build.0 = Debug|Any CPU
		{13073823-AF56-42CA-89E1-100484DF0C64}.Debug|Windows Phone (Universal).ActiveCfg = Debug|Any CPU
		{13073823-AF56-42CA-89E1-100484DF0C64}.Debug|Windows Phone (Universal).Build.0 = Debug|Any CPU
		{13073823-AF56-42CA-89E1-100484DF0C64}.Debug|Windows Phone 8.ActiveCfg = Debug|Any CPU
		{13073823-AF56-42CA-89E1-100484DF0C64}.Debug|Windows Phone 8.Build.0 = Debug|Any CPU
		{13073823-AF56-42CA-89E1-100484DF0C64}.Debug|Windows-AnyCPU.ActiveCfg = Debug|Any CPU
		{13073823-AF56-42CA-89E1-100484DF0C64}.Debug|Windows-AnyCPU.Build.0 = Debug|Any CPU
		{13073823-AF56-42CA-89E1-100484DF0C64}.Debug|Windows-ARM.ActiveCfg = Debug|Any CPU
		{13073823-AF56-42CA-89E1-100484DF0C64}.Debug|Windows-ARM.Build.0 = Debug|Any CPU
		{13073823-AF56-42CA-89E1-100484DF0C64}.Debug|Windows-x64.ActiveCfg = Debug|Any CPU
		{13073823-AF56-42CA-89E1-100484DF0C64}.Debug|Windows-x64.Build.0 = Debug|Any CPU
		{13073823-AF56-42CA-89E1-100484DF0C64}.Debug|Windows-x86.ActiveCfg = Debug|Any CPU
		{13073823-AF56-42CA-89E1-100484DF0C64}.Debug|Windows-x86.Build.0 = Debug|Any CPU
		{13073823-AF56-42CA-89E1-100484DF0C64}.Development|Android.ActiveCfg = Development|Any CPU
		{13073823-AF56-42CA-89E1-100484DF0C64}.Development|Android.Build.0 = Development|Any CPU
		{13073823-AF56-42CA-89E1-100484DF0C64}.Development|Any CPU.ActiveCfg = Development|Any CPU
		{13073823-AF56-42CA-89E1-100484DF0C64}.Development|Any CPU.Build.0 = Development|Any CPU
		{13073823-AF56-42CA-89E1-100484DF0C64}.Development|iOS.ActiveCfg = Development|Any CPU
		{13073823-AF56-42CA-89E1-100484DF0C64}.Development|iOS.Build.0 = Development|Any CPU
		{13073823-AF56-42CA-89E1-100484DF0C64}.Development|Windows Phone (Universal).ActiveCfg = Development|Any CPU
		{13073823-AF56-42CA-89E1-100484DF0C64}.Development|Windows Phone (Universal).Build.0 = Development|Any CPU
		{13073823-AF56-42CA-89E1-100484DF0C64}.Development|Windows Phone 8.ActiveCfg = Development|Any CPU
		{13073823-AF56-42CA-89E1-100484DF0C64}.Development|Windows Phone 8.Build.0 = Development|Any CPU
		{13073823-AF56-42CA-89E1-100484DF0C64}.Development|Windows-AnyCPU.ActiveCfg = Development|Any CPU
		{13073823-AF56-42CA-89E1-100484DF0C64}.Development|Windows-AnyCPU.Build.0 = Development|Any CPU
		{13073823-AF56-42CA-89E1-100484DF0C64}.Development|Windows-ARM.ActiveCfg = Development|Any CPU
		{13073823-AF56-42CA-89E1-100484DF0C64}.Development|Windows-ARM.Build.0 = Development|Any CPU
		{13073823-AF56-42CA-89E1-100484DF0C64}.Development|Windows-x64.ActiveCfg = Development|Any CPU
		{13073823-AF56-42CA-89E1-100484DF0C64}.Development|Windows-x64.Build.0 = Development|Any CPU
		{13073823-AF56-42CA-89E1-100484DF0C64}.Development|Windows-x86.ActiveCfg = Development|Any CPU
		{13073823-AF56-42CA-89E1-100484DF0C64}.Development|Windows-x86.Build.0 = Development|Any CPU
		{13073823-AF56-42CA-89E1-100484DF0C64}.Release|Android.ActiveCfg = Release|Any CPU
		{13073823-AF56-42CA-89E1-100484DF0C64}.Release|Android.Build.0 = Release|Any CPU
		{13073823-AF56-42CA-89E1-100484DF0C64}.Release|Any CPU.ActiveCfg = Release|Any CPU
		{13073823-AF56-42CA-89E1-100484DF0C64}.Release|Any CPU.Build.0 = Release|Any CPU
		{13073823-AF56-42CA-89E1-100484DF0C64}.Release|iOS.ActiveCfg = Release|Any CPU
		{13073823-AF56-42CA-89E1-100484DF0C64}.Release|iOS.Build.0 = Release|Any CPU
		{13073823-AF56-42CA-89E1-100484DF0C64}.Release|Windows Phone (Universal).ActiveCfg = Release|Any CPU
		{13073823-AF56-42CA-89E1-100484DF0C64}.Release|Windows Phone (Universal).Build.0 = Release|Any CPU
		{13073823-AF56-42CA-89E1-100484DF0C64}.Release|Windows Phone 8.ActiveCfg = Release|Any CPU
		{13073823-AF56-42CA-89E1-100484DF0C64}.Release|Windows Phone 8.Build.0 = Release|Any CPU
		{13073823-AF56-42CA-89E1-100484DF0C64}.Release|Windows-AnyCPU.ActiveCfg = Release|Any CPU
		{13073823-AF56-42CA-89E1-100484DF0C64}.Release|Windows-AnyCPU.Build.0 = Release|Any CPU
		{13073823-AF56-42CA-89E1-100484DF0C64}.Release|Windows-ARM.ActiveCfg = Release|Any CPU
		{13073823-AF56-42CA-89E1-100484DF0C64}.Release|Windows-ARM.Build.0 = Release|Any CPU
		{13073823-AF56-42CA-89E1-100484DF0C64}.Release|Windows-x64.ActiveCfg = Release|Any CPU
		{13073823-AF56-42CA-89E1-100484DF0C64}.Release|Windows-x64.Build.0 = Release|Any CPU
		{13073823-AF56-42CA-89E1-100484DF0C64}.Release|Windows-x86.ActiveCfg = Release|Any CPU
		{13073823-AF56-42CA-89E1-100484DF0C64}.Release|Windows-x86.Build.0 = Release|Any CPU
		{A5B98301-BF0F-4E5E-A598-720D78D41826}.Debug|Android.ActiveCfg = Debug|Any CPU
		{A5B98301-BF0F-4E5E-A598-720D78D41826}.Debug|Android.Build.0 = Debug|Any CPU
		{A5B98301-BF0F-4E5E-A598-720D78D41826}.Debug|Any CPU.ActiveCfg = Debug|Any CPU
		{A5B98301-BF0F-4E5E-A598-720D78D41826}.Debug|Any CPU.Build.0 = Debug|Any CPU
		{A5B98301-BF0F-4E5E-A598-720D78D41826}.Debug|iOS.ActiveCfg = Debug|Any CPU
		{A5B98301-BF0F-4E5E-A598-720D78D41826}.Debug|iOS.Build.0 = Debug|Any CPU
		{A5B98301-BF0F-4E5E-A598-720D78D41826}.Debug|Windows Phone (Universal).ActiveCfg = Debug|Any CPU
		{A5B98301-BF0F-4E5E-A598-720D78D41826}.Debug|Windows Phone (Universal).Build.0 = Debug|Any CPU
		{A5B98301-BF0F-4E5E-A598-720D78D41826}.Debug|Windows Phone 8.ActiveCfg = Debug|Any CPU
		{A5B98301-BF0F-4E5E-A598-720D78D41826}.Debug|Windows Phone 8.Build.0 = Debug|Any CPU
		{A5B98301-BF0F-4E5E-A598-720D78D41826}.Debug|Windows-AnyCPU.ActiveCfg = Debug|Any CPU
		{A5B98301-BF0F-4E5E-A598-720D78D41826}.Debug|Windows-AnyCPU.Build.0 = Debug|Any CPU
		{A5B98301-BF0F-4E5E-A598-720D78D41826}.Debug|Windows-ARM.ActiveCfg = Debug|Any CPU
		{A5B98301-BF0F-4E5E-A598-720D78D41826}.Debug|Windows-ARM.Build.0 = Debug|Any CPU
		{A5B98301-BF0F-4E5E-A598-720D78D41826}.Debug|Windows-x64.ActiveCfg = Debug|Any CPU
		{A5B98301-BF0F-4E5E-A598-720D78D41826}.Debug|Windows-x64.Build.0 = Debug|Any CPU
		{A5B98301-BF0F-4E5E-A598-720D78D41826}.Debug|Windows-x86.ActiveCfg = Debug|Any CPU
		{A5B98301-BF0F-4E5E-A598-720D78D41826}.Debug|Windows-x86.Build.0 = Debug|Any CPU
		{A5B98301-BF0F-4E5E-A598-720D78D41826}.Development|Android.ActiveCfg = Debug|Any CPU
		{A5B98301-BF0F-4E5E-A598-720D78D41826}.Development|Android.Build.0 = Debug|Any CPU
		{A5B98301-BF0F-4E5E-A598-720D78D41826}.Development|Any CPU.ActiveCfg = Debug|Any CPU
		{A5B98301-BF0F-4E5E-A598-720D78D41826}.Development|Any CPU.Build.0 = Debug|Any CPU
		{A5B98301-BF0F-4E5E-A598-720D78D41826}.Development|iOS.ActiveCfg = Debug|Any CPU
		{A5B98301-BF0F-4E5E-A598-720D78D41826}.Development|iOS.Build.0 = Debug|Any CPU
		{A5B98301-BF0F-4E5E-A598-720D78D41826}.Development|Windows Phone (Universal).ActiveCfg = Debug|Any CPU
		{A5B98301-BF0F-4E5E-A598-720D78D41826}.Development|Windows Phone (Universal).Build.0 = Debug|Any CPU
		{A5B98301-BF0F-4E5E-A598-720D78D41826}.Development|Windows Phone 8.ActiveCfg = Debug|Any CPU
		{A5B98301-BF0F-4E5E-A598-720D78D41826}.Development|Windows Phone 8.Build.0 = Debug|Any CPU
		{A5B98301-BF0F-4E5E-A598-720D78D41826}.Development|Windows-AnyCPU.ActiveCfg = Debug|Any CPU
		{A5B98301-BF0F-4E5E-A598-720D78D41826}.Development|Windows-AnyCPU.Build.0 = Debug|Any CPU
		{A5B98301-BF0F-4E5E-A598-720D78D41826}.Development|Windows-ARM.ActiveCfg = Debug|Any CPU
		{A5B98301-BF0F-4E5E-A598-720D78D41826}.Development|Windows-ARM.Build.0 = Debug|Any CPU
		{A5B98301-BF0F-4E5E-A598-720D78D41826}.Development|Windows-x64.ActiveCfg = Debug|Any CPU
		{A5B98301-BF0F-4E5E-A598-720D78D41826}.Development|Windows-x64.Build.0 = Debug|Any CPU
		{A5B98301-BF0F-4E5E-A598-720D78D41826}.Development|Windows-x86.ActiveCfg = Debug|Any CPU
		{A5B98301-BF0F-4E5E-A598-720D78D41826}.Development|Windows-x86.Build.0 = Debug|Any CPU
		{A5B98301-BF0F-4E5E-A598-720D78D41826}.Release|Android.ActiveCfg = Release|Any CPU
		{A5B98301-BF0F-4E5E-A598-720D78D41826}.Release|Android.Build.0 = Release|Any CPU
		{A5B98301-BF0F-4E5E-A598-720D78D41826}.Release|Any CPU.ActiveCfg = Release|Any CPU
		{A5B98301-BF0F-4E5E-A598-720D78D41826}.Release|Any CPU.Build.0 = Release|Any CPU
		{A5B98301-BF0F-4E5E-A598-720D78D41826}.Release|iOS.ActiveCfg = Release|Any CPU
		{A5B98301-BF0F-4E5E-A598-720D78D41826}.Release|iOS.Build.0 = Release|Any CPU
		{A5B98301-BF0F-4E5E-A598-720D78D41826}.Release|Windows Phone (Universal).ActiveCfg = Release|Any CPU
		{A5B98301-BF0F-4E5E-A598-720D78D41826}.Release|Windows Phone (Universal).Build.0 = Release|Any CPU
		{A5B98301-BF0F-4E5E-A598-720D78D41826}.Release|Windows Phone 8.ActiveCfg = Release|Any CPU
		{A5B98301-BF0F-4E5E-A598-720D78D41826}.Release|Windows Phone 8.Build.0 = Release|Any CPU
		{A5B98301-BF0F-4E5E-A598-720D78D41826}.Release|Windows-AnyCPU.ActiveCfg = Release|Any CPU
		{A5B98301-BF0F-4E5E-A598-720D78D41826}.Release|Windows-AnyCPU.Build.0 = Release|Any CPU
		{A5B98301-BF0F-4E5E-A598-720D78D41826}.Release|Windows-ARM.ActiveCfg = Release|Any CPU
		{A5B98301-BF0F-4E5E-A598-720D78D41826}.Release|Windows-ARM.Build.0 = Release|Any CPU
		{A5B98301-BF0F-4E5E-A598-720D78D41826}.Release|Windows-x64.ActiveCfg = Release|Any CPU
		{A5B98301-BF0F-4E5E-A598-720D78D41826}.Release|Windows-x64.Build.0 = Release|Any CPU
		{A5B98301-BF0F-4E5E-A598-720D78D41826}.Release|Windows-x86.ActiveCfg = Release|Any CPU
		{A5B98301-BF0F-4E5E-A598-720D78D41826}.Release|Windows-x86.Build.0 = Release|Any CPU
		{ED4C2C90-8414-4365-A8CC-2C4DFC7E3DAB}.Debug|Android.ActiveCfg = Debug|Any CPU
		{ED4C2C90-8414-4365-A8CC-2C4DFC7E3DAB}.Debug|Android.Build.0 = Debug|Any CPU
		{ED4C2C90-8414-4365-A8CC-2C4DFC7E3DAB}.Debug|Any CPU.ActiveCfg = Debug|Any CPU
		{ED4C2C90-8414-4365-A8CC-2C4DFC7E3DAB}.Debug|Any CPU.Build.0 = Debug|Any CPU
		{ED4C2C90-8414-4365-A8CC-2C4DFC7E3DAB}.Debug|iOS.ActiveCfg = Debug|Any CPU
		{ED4C2C90-8414-4365-A8CC-2C4DFC7E3DAB}.Debug|iOS.Build.0 = Debug|Any CPU
		{ED4C2C90-8414-4365-A8CC-2C4DFC7E3DAB}.Debug|Windows Phone (Universal).ActiveCfg = Debug|Any CPU
		{ED4C2C90-8414-4365-A8CC-2C4DFC7E3DAB}.Debug|Windows Phone (Universal).Build.0 = Debug|Any CPU
		{ED4C2C90-8414-4365-A8CC-2C4DFC7E3DAB}.Debug|Windows Phone 8.ActiveCfg = Debug|Any CPU
		{ED4C2C90-8414-4365-A8CC-2C4DFC7E3DAB}.Debug|Windows Phone 8.Build.0 = Debug|Any CPU
		{ED4C2C90-8414-4365-A8CC-2C4DFC7E3DAB}.Debug|Windows-AnyCPU.ActiveCfg = Debug|Any CPU
		{ED4C2C90-8414-4365-A8CC-2C4DFC7E3DAB}.Debug|Windows-AnyCPU.Build.0 = Debug|Any CPU
		{ED4C2C90-8414-4365-A8CC-2C4DFC7E3DAB}.Debug|Windows-ARM.ActiveCfg = Debug|Any CPU
		{ED4C2C90-8414-4365-A8CC-2C4DFC7E3DAB}.Debug|Windows-ARM.Build.0 = Debug|Any CPU
		{ED4C2C90-8414-4365-A8CC-2C4DFC7E3DAB}.Debug|Windows-x64.ActiveCfg = Debug|Any CPU
		{ED4C2C90-8414-4365-A8CC-2C4DFC7E3DAB}.Debug|Windows-x64.Build.0 = Debug|Any CPU
		{ED4C2C90-8414-4365-A8CC-2C4DFC7E3DAB}.Debug|Windows-x86.ActiveCfg = Debug|Any CPU
		{ED4C2C90-8414-4365-A8CC-2C4DFC7E3DAB}.Debug|Windows-x86.Build.0 = Debug|Any CPU
		{ED4C2C90-8414-4365-A8CC-2C4DFC7E3DAB}.Development|Android.ActiveCfg = Debug|Any CPU
		{ED4C2C90-8414-4365-A8CC-2C4DFC7E3DAB}.Development|Android.Build.0 = Debug|Any CPU
		{ED4C2C90-8414-4365-A8CC-2C4DFC7E3DAB}.Development|Any CPU.ActiveCfg = Debug|Any CPU
		{ED4C2C90-8414-4365-A8CC-2C4DFC7E3DAB}.Development|Any CPU.Build.0 = Debug|Any CPU
		{ED4C2C90-8414-4365-A8CC-2C4DFC7E3DAB}.Development|iOS.ActiveCfg = Debug|Any CPU
		{ED4C2C90-8414-4365-A8CC-2C4DFC7E3DAB}.Development|iOS.Build.0 = Debug|Any CPU
		{ED4C2C90-8414-4365-A8CC-2C4DFC7E3DAB}.Development|Windows Phone (Universal).ActiveCfg = Debug|Any CPU
		{ED4C2C90-8414-4365-A8CC-2C4DFC7E3DAB}.Development|Windows Phone (Universal).Build.0 = Debug|Any CPU
		{ED4C2C90-8414-4365-A8CC-2C4DFC7E3DAB}.Development|Windows Phone 8.ActiveCfg = Debug|Any CPU
		{ED4C2C90-8414-4365-A8CC-2C4DFC7E3DAB}.Development|Windows Phone 8.Build.0 = Debug|Any CPU
		{ED4C2C90-8414-4365-A8CC-2C4DFC7E3DAB}.Development|Windows-AnyCPU.ActiveCfg = Debug|Any CPU
		{ED4C2C90-8414-4365-A8CC-2C4DFC7E3DAB}.Development|Windows-AnyCPU.Build.0 = Debug|Any CPU
		{ED4C2C90-8414-4365-A8CC-2C4DFC7E3DAB}.Development|Windows-ARM.ActiveCfg = Debug|Any CPU
		{ED4C2C90-8414-4365-A8CC-2C4DFC7E3DAB}.Development|Windows-ARM.Build.0 = Debug|Any CPU
		{ED4C2C90-8414-4365-A8CC-2C4DFC7E3DAB}.Development|Windows-x64.ActiveCfg = Debug|Any CPU
		{ED4C2C90-8414-4365-A8CC-2C4DFC7E3DAB}.Development|Windows-x64.Build.0 = Debug|Any CPU
		{ED4C2C90-8414-4365-A8CC-2C4DFC7E3DAB}.Development|Windows-x86.ActiveCfg = Debug|Any CPU
		{ED4C2C90-8414-4365-A8CC-2C4DFC7E3DAB}.Development|Windows-x86.Build.0 = Debug|Any CPU
		{ED4C2C90-8414-4365-A8CC-2C4DFC7E3DAB}.Release|Android.ActiveCfg = Release|Any CPU
		{ED4C2C90-8414-4365-A8CC-2C4DFC7E3DAB}.Release|Android.Build.0 = Release|Any CPU
		{ED4C2C90-8414-4365-A8CC-2C4DFC7E3DAB}.Release|Any CPU.ActiveCfg = Release|Any CPU
		{ED4C2C90-8414-4365-A8CC-2C4DFC7E3DAB}.Release|Any CPU.Build.0 = Release|Any CPU
		{ED4C2C90-8414-4365-A8CC-2C4DFC7E3DAB}.Release|iOS.ActiveCfg = Release|Any CPU
		{ED4C2C90-8414-4365-A8CC-2C4DFC7E3DAB}.Release|iOS.Build.0 = Release|Any CPU
		{ED4C2C90-8414-4365-A8CC-2C4DFC7E3DAB}.Release|Windows Phone (Universal).ActiveCfg = Release|Any CPU
		{ED4C2C90-8414-4365-A8CC-2C4DFC7E3DAB}.Release|Windows Phone (Universal).Build.0 = Release|Any CPU
		{ED4C2C90-8414-4365-A8CC-2C4DFC7E3DAB}.Release|Windows Phone 8.ActiveCfg = Release|Any CPU
		{ED4C2C90-8414-4365-A8CC-2C4DFC7E3DAB}.Release|Windows Phone 8.Build.0 = Release|Any CPU
		{ED4C2C90-8414-4365-A8CC-2C4DFC7E3DAB}.Release|Windows-AnyCPU.ActiveCfg = Release|Any CPU
		{ED4C2C90-8414-4365-A8CC-2C4DFC7E3DAB}.Release|Windows-AnyCPU.Build.0 = Release|Any CPU
		{ED4C2C90-8414-4365-A8CC-2C4DFC7E3DAB}.Release|Windows-ARM.ActiveCfg = Release|Any CPU
		{ED4C2C90-8414-4365-A8CC-2C4DFC7E3DAB}.Release|Windows-ARM.Build.0 = Release|Any CPU
		{ED4C2C90-8414-4365-A8CC-2C4DFC7E3DAB}.Release|Windows-x64.ActiveCfg = Release|Any CPU
		{ED4C2C90-8414-4365-A8CC-2C4DFC7E3DAB}.Release|Windows-x64.Build.0 = Release|Any CPU
		{ED4C2C90-8414-4365-A8CC-2C4DFC7E3DAB}.Release|Windows-x86.ActiveCfg = Release|Any CPU
		{ED4C2C90-8414-4365-A8CC-2C4DFC7E3DAB}.Release|Windows-x86.Build.0 = Release|Any CPU
	EndGlobalSection
	GlobalSection(SolutionProperties) = preSolution
		HideSolutionNode = FALSE
	EndGlobalSection
	GlobalSection(ExtensibilityGlobals) = postSolution
		SolutionGuid = {C93A1011-9916-4CF3-894F-0B218C9F41C2}
	EndGlobalSection
EndGlobal
