
Microsoft Visual Studio Solution File, Format Version 12.00
# Visual Studio Version 16
VisualStudioVersion = 16.0.29209.62
MinimumVisualStudioVersion = 10.0.40219.1
Project("{FAE04EC0-301F-11D3-BF4B-00C04F79EFBC}") = "Meuvale.I.Fwcard.CartaoPorProduto", "Meuvale.I.Fwcard.CartaoPorProduto\Meuvale.I.Fwcard.CartaoPorProduto.csproj", "{4CAC685D-CF5B-4E48-9435-31A25417FD89}"
EndProject
Global
	GlobalSection(SolutionConfigurationPlatforms) = preSolution
		Debug|Any CPU = Debug|Any CPU
		Release|Any CPU = Release|Any CPU
	EndGlobalSection
	GlobalSection(ProjectConfigurationPlatforms) = postSolution
		{4CAC685D-CF5B-4E48-9435-31A25417FD89}.Debug|Any CPU.ActiveCfg = Release|Any CPU
		{4CAC685D-CF5B-4E48-9435-31A25417FD89}.Debug|Any CPU.Build.0 = Release|Any CPU
		{4CAC685D-CF5B-4E48-9435-31A25417FD89}.Release|Any CPU.ActiveCfg = Release|Any CPU
		{4CAC685D-CF5B-4E48-9435-31A25417FD89}.Release|Any CPU.Build.0 = Release|Any CPU
	EndGlobalSection
	GlobalSection(SolutionProperties) = preSolution
		HideSolutionNode = FALSE
	EndGlobalSection
	GlobalSection(ExtensibilityGlobals) = postSolution
		SolutionGuid = {3FC93C0E-3C31-4EE0-86F4-340C06E42A8F}
	EndGlobalSection
EndGlobal
