
Microsoft Visual Studio Solution File, Format Version 12.00
# Visual Studio Version 16
VisualStudioVersion = 16.0.29209.62
MinimumVisualStudioVersion = 10.0.40219.1
Project("{FAE04EC0-301F-11D3-BF4B-00C04F79EFBC}") = "MeuValeFwcardGeral", "MeuValeFwcardGeral\MeuValeFwcardGeral.csproj", "{9FA592F7-4788-4D8D-B3BD-B1746345B301}"
EndProject
Global
	GlobalSection(SolutionConfigurationPlatforms) = preSolution
		Debug|Any CPU = Debug|Any CPU
		Release|Any CPU = Release|Any CPU
	EndGlobalSection
	GlobalSection(ProjectConfigurationPlatforms) = postSolution
		{9FA592F7-4788-4D8D-B3BD-B1746345B301}.Debug|Any CPU.ActiveCfg = Release|Any CPU
		{9FA592F7-4788-4D8D-B3BD-B1746345B301}.Debug|Any CPU.Build.0 = Release|Any CPU
		{9FA592F7-4788-4D8D-B3BD-B1746345B301}.Release|Any CPU.ActiveCfg = Release|Any CPU
		{9FA592F7-4788-4D8D-B3BD-B1746345B301}.Release|Any CPU.Build.0 = Release|Any CPU
	EndGlobalSection
	GlobalSection(SolutionProperties) = preSolution
		HideSolutionNode = FALSE
	EndGlobalSection
	GlobalSection(ExtensibilityGlobals) = postSolution
		SolutionGuid = {E94FB69E-CD6C-4F48-A1A1-F3877AF489CB}
	EndGlobalSection
EndGlobal
